
Microsoft Visual Studio Solution File, Format Version 12.00
# Visual Studio 15
VisualStudioVersion = 15.0.26124.0
MinimumVisualStudioVersion = 15.0.26124.0
Project("{2150E333-8FDC-42A3-9474-1A3956D46DE8}") = "src", "src", "{C91CBDD8-3955-4C6F-B9EA-D0541EE72354}"
EndProject
Project("{F2A71F9B-5D33-465A-A702-920D77279786}") = "Core", "src\Core\Core.fsproj", "{F0F38F77-85FC-426B-ADCE-416FABA41DA0}"
EndProject
Project("{F2A71F9B-5D33-465A-A702-920D77279786}") = "Domain", "src\Domain\Domain.fsproj", "{0D7B7B85-69BF-4944-A455-A2250D959565}"
EndProject
Project("{2150E333-8FDC-42A3-9474-1A3956D46DE8}") = "tests", "tests", "{67DE9BE4-CCA7-4D95-9BE5-6F04DD98FF08}"
EndProject
Project("{F2A71F9B-5D33-465A-A702-920D77279786}") = "Core.Tests", "tests\Core.Tests\Core.Tests.fsproj", "{F3661900-8B4D-4702-AAB1-7F314AA956A9}"
EndProject
Project("{F2A71F9B-5D33-465A-A702-920D77279786}") = "Domain.Tests", "tests\Domain.Tests\Domain.Tests.fsproj", "{1808244A-F8CF-408A-82CF-6844EF5F98FF}"
EndProject
Global
	GlobalSection(SolutionConfigurationPlatforms) = preSolution
		Debug|Any CPU = Debug|Any CPU
		Debug|x64 = Debug|x64
		Debug|x86 = Debug|x86
		Release|Any CPU = Release|Any CPU
		Release|x64 = Release|x64
		Release|x86 = Release|x86
	EndGlobalSection
	GlobalSection(SolutionProperties) = preSolution
		HideSolutionNode = FALSE
	EndGlobalSection
	GlobalSection(ProjectConfigurationPlatforms) = postSolution
		{F0F38F77-85FC-426B-ADCE-416FABA41DA0}.Debug|Any CPU.ActiveCfg = Debug|Any CPU
		{F0F38F77-85FC-426B-ADCE-416FABA41DA0}.Debug|Any CPU.Build.0 = Debug|Any CPU
		{F0F38F77-85FC-426B-ADCE-416FABA41DA0}.Debug|x64.ActiveCfg = Debug|x64
		{F0F38F77-85FC-426B-ADCE-416FABA41DA0}.Debug|x64.Build.0 = Debug|x64
		{F0F38F77-85FC-426B-ADCE-416FABA41DA0}.Debug|x86.ActiveCfg = Debug|x86
		{F0F38F77-85FC-426B-ADCE-416FABA41DA0}.Debug|x86.Build.0 = Debug|x86
		{F0F38F77-85FC-426B-ADCE-416FABA41DA0}.Release|Any CPU.ActiveCfg = Release|Any CPU
		{F0F38F77-85FC-426B-ADCE-416FABA41DA0}.Release|Any CPU.Build.0 = Release|Any CPU
		{F0F38F77-85FC-426B-ADCE-416FABA41DA0}.Release|x64.ActiveCfg = Release|x64
		{F0F38F77-85FC-426B-ADCE-416FABA41DA0}.Release|x64.Build.0 = Release|x64
		{F0F38F77-85FC-426B-ADCE-416FABA41DA0}.Release|x86.ActiveCfg = Release|x86
		{F0F38F77-85FC-426B-ADCE-416FABA41DA0}.Release|x86.Build.0 = Release|x86
		{0D7B7B85-69BF-4944-A455-A2250D959565}.Debug|Any CPU.ActiveCfg = Debug|Any CPU
		{0D7B7B85-69BF-4944-A455-A2250D959565}.Debug|Any CPU.Build.0 = Debug|Any CPU
		{0D7B7B85-69BF-4944-A455-A2250D959565}.Debug|x64.ActiveCfg = Debug|x64
		{0D7B7B85-69BF-4944-A455-A2250D959565}.Debug|x64.Build.0 = Debug|x64
		{0D7B7B85-69BF-4944-A455-A2250D959565}.Debug|x86.ActiveCfg = Debug|x86
		{0D7B7B85-69BF-4944-A455-A2250D959565}.Debug|x86.Build.0 = Debug|x86
		{0D7B7B85-69BF-4944-A455-A2250D959565}.Release|Any CPU.ActiveCfg = Release|Any CPU
		{0D7B7B85-69BF-4944-A455-A2250D959565}.Release|Any CPU.Build.0 = Release|Any CPU
		{0D7B7B85-69BF-4944-A455-A2250D959565}.Release|x64.ActiveCfg = Release|x64
		{0D7B7B85-69BF-4944-A455-A2250D959565}.Release|x64.Build.0 = Release|x64
		{0D7B7B85-69BF-4944-A455-A2250D959565}.Release|x86.ActiveCfg = Release|x86
		{0D7B7B85-69BF-4944-A455-A2250D959565}.Release|x86.Build.0 = Release|x86
		{F3661900-8B4D-4702-AAB1-7F314AA956A9}.Debug|Any CPU.ActiveCfg = Debug|Any CPU
		{F3661900-8B4D-4702-AAB1-7F314AA956A9}.Debug|Any CPU.Build.0 = Debug|Any CPU
		{F3661900-8B4D-4702-AAB1-7F314AA956A9}.Debug|x64.ActiveCfg = Debug|x64
		{F3661900-8B4D-4702-AAB1-7F314AA956A9}.Debug|x64.Build.0 = Debug|x64
		{F3661900-8B4D-4702-AAB1-7F314AA956A9}.Debug|x86.ActiveCfg = Debug|x86
		{F3661900-8B4D-4702-AAB1-7F314AA956A9}.Debug|x86.Build.0 = Debug|x86
		{F3661900-8B4D-4702-AAB1-7F314AA956A9}.Release|Any CPU.ActiveCfg = Release|Any CPU
		{F3661900-8B4D-4702-AAB1-7F314AA956A9}.Release|Any CPU.Build.0 = Release|Any CPU
		{F3661900-8B4D-4702-AAB1-7F314AA956A9}.Release|x64.ActiveCfg = Release|x64
		{F3661900-8B4D-4702-AAB1-7F314AA956A9}.Release|x64.Build.0 = Release|x64
		{F3661900-8B4D-4702-AAB1-7F314AA956A9}.Release|x86.ActiveCfg = Release|x86
		{F3661900-8B4D-4702-AAB1-7F314AA956A9}.Release|x86.Build.0 = Release|x86
		{1808244A-F8CF-408A-82CF-6844EF5F98FF}.Debug|Any CPU.ActiveCfg = Debug|Any CPU
		{1808244A-F8CF-408A-82CF-6844EF5F98FF}.Debug|Any CPU.Build.0 = Debug|Any CPU
		{1808244A-F8CF-408A-82CF-6844EF5F98FF}.Debug|x64.ActiveCfg = Debug|x64
		{1808244A-F8CF-408A-82CF-6844EF5F98FF}.Debug|x64.Build.0 = Debug|x64
		{1808244A-F8CF-408A-82CF-6844EF5F98FF}.Debug|x86.ActiveCfg = Debug|x86
		{1808244A-F8CF-408A-82CF-6844EF5F98FF}.Debug|x86.Build.0 = Debug|x86
		{1808244A-F8CF-408A-82CF-6844EF5F98FF}.Release|Any CPU.ActiveCfg = Release|Any CPU
		{1808244A-F8CF-408A-82CF-6844EF5F98FF}.Release|Any CPU.Build.0 = Release|Any CPU
		{1808244A-F8CF-408A-82CF-6844EF5F98FF}.Release|x64.ActiveCfg = Release|x64
		{1808244A-F8CF-408A-82CF-6844EF5F98FF}.Release|x64.Build.0 = Release|x64
		{1808244A-F8CF-408A-82CF-6844EF5F98FF}.Release|x86.ActiveCfg = Release|x86
		{1808244A-F8CF-408A-82CF-6844EF5F98FF}.Release|x86.Build.0 = Release|x86
	EndGlobalSection
	GlobalSection(NestedProjects) = preSolution
		{F0F38F77-85FC-426B-ADCE-416FABA41DA0} = {C91CBDD8-3955-4C6F-B9EA-D0541EE72354}
		{0D7B7B85-69BF-4944-A455-A2250D959565} = {C91CBDD8-3955-4C6F-B9EA-D0541EE72354}
		{F3661900-8B4D-4702-AAB1-7F314AA956A9} = {67DE9BE4-CCA7-4D95-9BE5-6F04DD98FF08}
		{1808244A-F8CF-408A-82CF-6844EF5F98FF} = {67DE9BE4-CCA7-4D95-9BE5-6F04DD98FF08}
	EndGlobalSection
EndGlobal
